
Microsoft Visual Studio Solution File, Format Version 10.00
# Visual Studio 2008
Project("{FAE04EC0-301F-11D3-BF4B-00C04F79EFBC}") = "FacebookBigProfile", "FacebookBigProfile\FacebookBigProfile.csproj", "{2CBB70B6-6E90-4E40-9589-E9E07E84F367}"
EndProject
Global
	GlobalSection(SolutionConfigurationPlatforms) = preSolution
		Debug|iPhoneSimulator = Debug|iPhoneSimulator
		Release|iPhoneSimulator = Release|iPhoneSimulator
		Debug|iPhone = Debug|iPhone
		Release|iPhone = Release|iPhone
	EndGlobalSection
	GlobalSection(ProjectConfigurationPlatforms) = postSolution
		{2CBB70B6-6E90-4E40-9589-E9E07E84F367}.Debug|iPhone.ActiveCfg = Debug|iPhone
		{2CBB70B6-6E90-4E40-9589-E9E07E84F367}.Debug|iPhone.Build.0 = Debug|iPhone
		{2CBB70B6-6E90-4E40-9589-E9E07E84F367}.Debug|iPhoneSimulator.ActiveCfg = Debug|iPhoneSimulator
		{2CBB70B6-6E90-4E40-9589-E9E07E84F367}.Debug|iPhoneSimulator.Build.0 = Debug|iPhoneSimulator
		{2CBB70B6-6E90-4E40-9589-E9E07E84F367}.Release|iPhone.ActiveCfg = Release|iPhone
		{2CBB70B6-6E90-4E40-9589-E9E07E84F367}.Release|iPhone.Build.0 = Release|iPhone
		{2CBB70B6-6E90-4E40-9589-E9E07E84F367}.Release|iPhoneSimulator.ActiveCfg = Release|iPhoneSimulator
		{2CBB70B6-6E90-4E40-9589-E9E07E84F367}.Release|iPhoneSimulator.Build.0 = Release|iPhoneSimulator
	EndGlobalSection
	GlobalSection(MonoDevelopProperties) = preSolution
		StartupItem = FacebookBigProfile\FacebookBigProfile.csproj
	EndGlobalSection
EndGlobal
